
Microsoft Visual Studio Solution File, Format Version 12.00
# Visual Studio Version 17
VisualStudioVersion = 17.0.31903.59
MinimumVisualStudioVersion = 10.0.40219.1
Project("{FAE04EC0-301F-11D3-BF4B-00C04F79EFBC}") = "VamLib", "VamLib\VamLib.csproj", "{B131C715-66E0-4DB4-BB2C-0AB6156CE52E}"
EndProject
Project("{FAE04EC0-301F-11D3-BF4B-00C04F79EFBC}") = "VamLib.Tests", "VamLib.Tests\VamLib.Tests.csproj", "{070AFDE8-717E-4A84-8E8E-0D4F30599CD1}"
EndProject
Global
	GlobalSection(SolutionConfigurationPlatforms) = preSolution
		Debug|Any CPU = Debug|Any CPU
		Release|Any CPU = Release|Any CPU
	EndGlobalSection
	GlobalSection(SolutionProperties) = preSolution
		HideSolutionNode = FALSE
	EndGlobalSection
	GlobalSection(ProjectConfigurationPlatforms) = postSolution
		{B131C715-66E0-4DB4-BB2C-0AB6156CE52E}.Debug|Any CPU.ActiveCfg = Debug|Any CPU
		{B131C715-66E0-4DB4-BB2C-0AB6156CE52E}.Debug|Any CPU.Build.0 = Debug|Any CPU
		{B131C715-66E0-4DB4-BB2C-0AB6156CE52E}.Release|Any CPU.ActiveCfg = Release|Any CPU
		{B131C715-66E0-4DB4-BB2C-0AB6156CE52E}.Release|Any CPU.Build.0 = Release|Any CPU
		{070AFDE8-717E-4A84-8E8E-0D4F30599CD1}.Debug|Any CPU.ActiveCfg = Debug|Any CPU
		{070AFDE8-717E-4A84-8E8E-0D4F30599CD1}.Debug|Any CPU.Build.0 = Debug|Any CPU
		{070AFDE8-717E-4A84-8E8E-0D4F30599CD1}.Release|Any CPU.ActiveCfg = Release|Any CPU
		{070AFDE8-717E-4A84-8E8E-0D4F30599CD1}.Release|Any CPU.Build.0 = Release|Any CPU
	EndGlobalSection
EndGlobal
